
Microsoft Visual Studio Solution File, Format Version 11.00
# Visual Studio 2010
# SharpDevelop 5.1
Project("{FAE04EC0-301F-11D3-BF4B-00C04F79EFBC}") = "View", "View\View.csproj", "{AA8FFE05-DA77-4674-B335-E5FD2F38D01A}"
EndProject
Global
	GlobalSection(SolutionConfigurationPlatforms) = preSolution
		Debug|Any CPU = Debug|Any CPU
		Release|Any CPU = Release|Any CPU
	EndGlobalSection
	GlobalSection(ProjectConfigurationPlatforms) = postSolution
		{AA8FFE05-DA77-4674-B335-E5FD2F38D01A}.Debug|Any CPU.ActiveCfg = Debug|Any CPU
		{AA8FFE05-DA77-4674-B335-E5FD2F38D01A}.Debug|Any CPU.Build.0 = Debug|Any CPU
		{AA8FFE05-DA77-4674-B335-E5FD2F38D01A}.Release|Any CPU.ActiveCfg = Release|Any CPU
		{AA8FFE05-DA77-4674-B335-E5FD2F38D01A}.Release|Any CPU.Build.0 = Release|Any CPU
	EndGlobalSection
EndGlobal
